# THIS IS AN AUTOGENERATED FILE. DO NOT EDIT THIS FILE DIRECTLY.
# yarn lockfile v1


zenn-cli@^0.1.159:
  version "0.1.159"
  resolved "https://registry.npmjs.org/zenn-cli/-/zenn-cli-0.1.159.tgz"
  integrity sha512-a4/Lkg3DnxWlYh2Z0abuvvmpQc0BnfTQrVyNQxYm+IOrwGJepZabwWTT0Q3eZ3r7hAV/xd8MZsmZL3y3pzMpAA==
