# This file is generated by running "yarn install" inside your project.
# Manual changes might be lost - proceed with caution!

__metadata:
  version: 8
  cacheKey: 10c0

"zenn-cli@npm:^0.1.158":
  version: 0.1.158
  resolution: "zenn-cli@npm:0.1.158"
  bin:
    zenn: dist/server/zenn.js
  checksum: 10c0/68f4b8cb1d3120cd1ffad5aad9838b07930919e93ac65c4b7ada4bf0b87ab8d46a4ceeeb705d115ccd812ed03e1f76d5f4eff91d30ea6f8c1349e3992bdca1b6
  languageName: node
  linkType: hard

"zenn-my-articles@workspace:.":
  version: 0.0.0-use.local
  resolution: "zenn-my-articles@workspace:."
  dependencies:
    zenn-cli: "npm:^0.1.158"
  languageName: unknown
  linkType: soft
